
Microsoft Visual Studio Solution File, Format Version 12.00
# Visual Studio Version 16
VisualStudioVersion = 16.0.29215.179
MinimumVisualStudioVersion = 10.0.40219.1
Project("{FAE04EC0-301F-11D3-BF4B-00C04F79EFBC}") = "ejercicio2", "ejercicio2\ejercicio2.csproj", "{14C31057-FB28-4755-98C5-F9432BCADC3B}"
EndProject
Global
	GlobalSection(SolutionConfigurationPlatforms) = preSolution
		Debug|Any CPU = Debug|Any CPU
		Release|Any CPU = Release|Any CPU
	EndGlobalSection
	GlobalSection(ProjectConfigurationPlatforms) = postSolution
		{14C31057-FB28-4755-98C5-F9432BCADC3B}.Debug|Any CPU.ActiveCfg = Debug|Any CPU
		{14C31057-FB28-4755-98C5-F9432BCADC3B}.Debug|Any CPU.Build.0 = Debug|Any CPU
		{14C31057-FB28-4755-98C5-F9432BCADC3B}.Release|Any CPU.ActiveCfg = Release|Any CPU
		{14C31057-FB28-4755-98C5-F9432BCADC3B}.Release|Any CPU.Build.0 = Release|Any CPU
	EndGlobalSection
	GlobalSection(SolutionProperties) = preSolution
		HideSolutionNode = FALSE
	EndGlobalSection
	GlobalSection(ExtensibilityGlobals) = postSolution
		SolutionGuid = {68756E2F-4409-4C4C-99B0-F7C1FB71B291}
	EndGlobalSection
EndGlobal
